// !$*UTF8*$!
{
	archiveVersion = 1;
	classes = {
	};
	objectVersion = 56;
	objects = {

/* Begin PBXBuildFile section */
		D581B17E2A80E029006C29C9 /* UIColor+Reminder.swift in Sources */ = {isa = PBXBuildFile; fileRef = D581B17D2A80E029006C29C9 /* UIColor+Reminder.swift */; };
		D581B1802A80E43B006C29C9 /* ReminderViewController.swift in Sources */ = {isa = PBXBuildFile; fileRef = D581B17F2A80E43B006C29C9 /* ReminderViewController.swift */; };
		D581B1832A822D6F006C29C9 /* ReminderViewController+Row.swift in Sources */ = {isa = PBXBuildFile; fileRef = D581B1822A822D6F006C29C9 /* ReminderViewController+Row.swift */; };
		D59DAF562A7CA5E900AB36DA /* Date+Reminder.swift in Sources */ = {isa = PBXBuildFile; fileRef = D59DAF552A7CA5E900AB36DA /* Date+Reminder.swift */; };
		D5A6A1362A7B82BA006FC002 /* AppDelegate.swift in Sources */ = {isa = PBXBuildFile; fileRef = D5A6A1352A7B82BA006FC002 /* AppDelegate.swift */; };
		D5A6A1382A7B82BA006FC002 /* SceneDelegate.swift in Sources */ = {isa = PBXBuildFile; fileRef = D5A6A1372A7B82BA006FC002 /* SceneDelegate.swift */; };
		D5A6A13D2A7B82BA006FC002 /* Main.storyboard in Resources */ = {isa = PBXBuildFile; fileRef = D5A6A13B2A7B82BA006FC002 /* Main.storyboard */; };
		D5A6A13F2A7B82BD006FC002 /* Assets.xcassets in Resources */ = {isa = PBXBuildFile; fileRef = D5A6A13E2A7B82BD006FC002 /* Assets.xcassets */; };
		D5A6A1422A7B82BD006FC002 /* LaunchScreen.storyboard in Resources */ = {isa = PBXBuildFile; fileRef = D5A6A1402A7B82BD006FC002 /* LaunchScreen.storyboard */; };
		D5B8484E2A7BD80400B327B6 /* Reminder.swift in Sources */ = {isa = PBXBuildFile; fileRef = D5B8484D2A7BD80400B327B6 /* Reminder.swift */; };
		D5B848502A7BDB3900B327B6 /* ReminderListViewController.swift in Sources */ = {isa = PBXBuildFile; fileRef = D5B8484F2A7BDB3900B327B6 /* ReminderListViewController.swift */; };
		D5E329222A7DF931008BF1E1 /* ReminderListViewController+DataSource.swift in Sources */ = {isa = PBXBuildFile; fileRef = D5E329212A7DF931008BF1E1 /* ReminderListViewController+DataSource.swift */; };
		D5E329242A7F50AA008BF1E1 /* ReminderDoneButton.swift in Sources */ = {isa = PBXBuildFile; fileRef = D5E329232A7F50AA008BF1E1 /* ReminderDoneButton.swift */; };
		D5E329262A7F51FD008BF1E1 /* ReminderListViewController+Actions.swift in Sources */ = {isa = PBXBuildFile; fileRef = D5E329252A7F51FD008BF1E1 /* ReminderListViewController+Actions.swift */; };
		D5F508F42A8485560097A252 /* ReminderViewController+Section.swift in Sources */ = {isa = PBXBuildFile; fileRef = D5F508F32A8485560097A252 /* ReminderViewController+Section.swift */; };
		D5F508F62A85F1DE0097A252 /* ReminderViewController+CellConfiguration.swift in Sources */ = {isa = PBXBuildFile; fileRef = D5F508F52A85F1DE0097A252 /* ReminderViewController+CellConfiguration.swift */; };
/* End PBXBuildFile section */

/* Begin PBXFileReference section */
		D581B17D2A80E029006C29C9 /* UIColor+Reminder.swift */ = {isa = PBXFileReference; lastKnownFileType = sourcecode.swift; path = "UIColor+Reminder.swift"; sourceTree = "<group>"; };
		D581B17F2A80E43B006C29C9 /* ReminderViewController.swift */ = {isa = PBXFileReference; lastKnownFileType = sourcecode.swift; path = ReminderViewController.swift; sourceTree = "<group>"; };
		D581B1822A822D6F006C29C9 /* ReminderViewController+Row.swift */ = {isa = PBXFileReference; lastKnownFileType = sourcecode.swift; path = "ReminderViewController+Row.swift"; sourceTree = "<group>"; };
		D59DAF552A7CA5E900AB36DA /* Date+Reminder.swift */ = {isa = PBXFileReference; lastKnownFileType = sourcecode.swift; path = "Date+Reminder.swift"; sourceTree = "<group>"; };
		D5A6A1322A7B82BA006FC002 /* Reminder.app */ = {isa = PBXFileReference; explicitFileType = wrapper.application; includeInIndex = 0; path = Reminder.app; sourceTree = BUILT_PRODUCTS_DIR; };
		D5A6A1352A7B82BA006FC002 /* AppDelegate.swift */ = {isa = PBXFileReference; lastKnownFileType = sourcecode.swift; path = AppDelegate.swift; sourceTree = "<group>"; };
		D5A6A1372A7B82BA006FC002 /* SceneDelegate.swift */ = {isa = PBXFileReference; lastKnownFileType = sourcecode.swift; path = SceneDelegate.swift; sourceTree = "<group>"; };
		D5A6A13C2A7B82BA006FC002 /* Base */ = {isa = PBXFileReference; lastKnownFileType = file.storyboard; name = Base; path = Base.lproj/Main.storyboard; sourceTree = "<group>"; };
		D5A6A13E2A7B82BD006FC002 /* Assets.xcassets */ = {isa = PBXFileReference; lastKnownFileType = folder.assetcatalog; path = Assets.xcassets; sourceTree = "<group>"; };
		D5A6A1412A7B82BD006FC002 /* Base */ = {isa = PBXFileReference; lastKnownFileType = file.storyboard; name = Base; path = Base.lproj/LaunchScreen.storyboard; sourceTree = "<group>"; };
		D5A6A1432A7B82BD006FC002 /* Info.plist */ = {isa = PBXFileReference; lastKnownFileType = text.plist.xml; path = Info.plist; sourceTree = "<group>"; };
		D5B8484D2A7BD80400B327B6 /* Reminder.swift */ = {isa = PBXFileReference; lastKnownFileType = sourcecode.swift; path = Reminder.swift; sourceTree = "<group>"; };
		D5B8484F2A7BDB3900B327B6 /* ReminderListViewController.swift */ = {isa = PBXFileReference; lastKnownFileType = sourcecode.swift; path = ReminderListViewController.swift; sourceTree = "<group>"; };
		D5E329212A7DF931008BF1E1 /* ReminderListViewController+DataSource.swift */ = {isa = PBXFileReference; lastKnownFileType = sourcecode.swift; path = "ReminderListViewController+DataSource.swift"; sourceTree = "<group>"; };
		D5E329232A7F50AA008BF1E1 /* ReminderDoneButton.swift */ = {isa = PBXFileReference; lastKnownFileType = sourcecode.swift; path = ReminderDoneButton.swift; sourceTree = "<group>"; };
		D5E329252A7F51FD008BF1E1 /* ReminderListViewController+Actions.swift */ = {isa = PBXFileReference; lastKnownFileType = sourcecode.swift; path = "ReminderListViewController+Actions.swift"; sourceTree = "<group>"; };
		D5F508F32A8485560097A252 /* ReminderViewController+Section.swift */ = {isa = PBXFileReference; lastKnownFileType = sourcecode.swift; path = "ReminderViewController+Section.swift"; sourceTree = "<group>"; };
		D5F508F52A85F1DE0097A252 /* ReminderViewController+CellConfiguration.swift */ = {isa = PBXFileReference; lastKnownFileType = sourcecode.swift; path = "ReminderViewController+CellConfiguration.swift"; sourceTree = "<group>"; };
/* End PBXFileReference section */

/* Begin PBXFrameworksBuildPhase section */
		D5A6A12F2A7B82BA006FC002 /* Frameworks */ = {
			isa = PBXFrameworksBuildPhase;
			buildActionMask = 2147483647;
			files = (
			);
			runOnlyForDeploymentPostprocessing = 0;
		};
/* End PBXFrameworksBuildPhase section */

/* Begin PBXGroup section */
		D581B1812A822B97006C29C9 /*  DetailViewController */ = {
			isa = PBXGroup;
			children = (
				D581B17F2A80E43B006C29C9 /* ReminderViewController.swift */,
				D581B1822A822D6F006C29C9 /* ReminderViewController+Row.swift */,
				D5F508F32A8485560097A252 /* ReminderViewController+Section.swift */,
				D5F508F52A85F1DE0097A252 /* ReminderViewController+CellConfiguration.swift */,
			);
			path = " DetailViewController";
			sourceTree = "<group>";
		};
		D59DAF572A7CAC5900AB36DA /* Extensions */ = {
			isa = PBXGroup;
			children = (
				D581B17D2A80E029006C29C9 /* UIColor+Reminder.swift */,
				D59DAF552A7CA5E900AB36DA /* Date+Reminder.swift */,
			);
			path = Extensions;
			sourceTree = "<group>";
		};
		D5A6A1292A7B82BA006FC002 = {
			isa = PBXGroup;
			children = (
				D5A6A1342A7B82BA006FC002 /* Reminder */,
				D5A6A1332A7B82BA006FC002 /* Products */,
			);
			sourceTree = "<group>";
		};
		D5A6A1332A7B82BA006FC002 /* Products */ = {
			isa = PBXGroup;
			children = (
				D5A6A1322A7B82BA006FC002 /* Reminder.app */,
			);
			name = Products;
			sourceTree = "<group>";
		};
		D5A6A1342A7B82BA006FC002 /* Reminder */ = {
			isa = PBXGroup;
			children = (
				D5A6A1352A7B82BA006FC002 /* AppDelegate.swift */,
				D5A6A1372A7B82BA006FC002 /* SceneDelegate.swift */,
				D5B8484A2A7BD7AE00B327B6 /* Models */,
				D5B8484B2A7BD7B600B327B6 /* Views */,
				D5B8484C2A7BD7C400B327B6 /* Controllers */,
				D59DAF572A7CAC5900AB36DA /* Extensions */,
				D5A6A13B2A7B82BA006FC002 /* Main.storyboard */,
				D5A6A13E2A7B82BD006FC002 /* Assets.xcassets */,
				D5A6A1402A7B82BD006FC002 /* LaunchScreen.storyboard */,
				D5A6A1432A7B82BD006FC002 /* Info.plist */,
			);
			path = Reminder;
			sourceTree = "<group>";
		};
		D5B8484A2A7BD7AE00B327B6 /* Models */ = {
			isa = PBXGroup;
			children = (
				D5B8484D2A7BD80400B327B6 /* Reminder.swift */,
			);
			path = Models;
			sourceTree = "<group>";
		};
		D5B8484B2A7BD7B600B327B6 /* Views */ = {
			isa = PBXGroup;
			children = (
				D581B1812A822B97006C29C9 /*  DetailViewController */,
				D5E329202A7DF89D008BF1E1 /* ListViewController */,
			);
			path = Views;
			sourceTree = "<group>";
		};
		D5B8484C2A7BD7C400B327B6 /* Controllers */ = {
			isa = PBXGroup;
			children = (
			);
			path = Controllers;
			sourceTree = "<group>";
		};
		D5E329202A7DF89D008BF1E1 /* ListViewController */ = {
			isa = PBXGroup;
			children = (
				D5B8484F2A7BDB3900B327B6 /* ReminderListViewController.swift */,
				D5E329232A7F50AA008BF1E1 /* ReminderDoneButton.swift */,
				D5E329252A7F51FD008BF1E1 /* ReminderListViewController+Actions.swift */,
				D5E329212A7DF931008BF1E1 /* ReminderListViewController+DataSource.swift */,
			);
			path = ListViewController;
			sourceTree = "<group>";
		};
/* End PBXGroup section */

/* Begin PBXNativeTarget section */
		D5A6A1312A7B82BA006FC002 /* Reminder */ = {
			isa = PBXNativeTarget;
			buildConfigurationList = D5A6A1462A7B82BD006FC002 /* Build configuration list for PBXNativeTarget "Reminder" */;
			buildPhases = (
				D5A6A12E2A7B82BA006FC002 /* Sources */,
				D5A6A12F2A7B82BA006FC002 /* Frameworks */,
				D5A6A1302A7B82BA006FC002 /* Resources */,
			);
			buildRules = (
			);
			dependencies = (
			);
			name = Reminder;
			productName = Reminder;
			productReference = D5A6A1322A7B82BA006FC002 /* Reminder.app */;
			productType = "com.apple.product-type.application";
		};
/* End PBXNativeTarget section */

/* Begin PBXProject section */
		D5A6A12A2A7B82BA006FC002 /* Project object */ = {
			isa = PBXProject;
			attributes = {
				BuildIndependentTargetsInParallel = 1;
				LastSwiftUpdateCheck = 1430;
				LastUpgradeCheck = 1430;
				TargetAttributes = {
					D5A6A1312A7B82BA006FC002 = {
						CreatedOnToolsVersion = 14.3.1;
					};
				};
			};
			buildConfigurationList = D5A6A12D2A7B82BA006FC002 /* Build configuration list for PBXProject "Reminder" */;
			compatibilityVersion = "Xcode 14.0";
			developmentRegion = en;
			hasScannedForEncodings = 0;
			knownRegions = (
				en,
				Base,
			);
			mainGroup = D5A6A1292A7B82BA006FC002;
			productRefGroup = D5A6A1332A7B82BA006FC002 /* Products */;
			projectDirPath = "";
			projectRoot = "";
			targets = (
				D5A6A1312A7B82BA006FC002 /* Reminder */,
			);
		};
/* End PBXProject section */

/* Begin PBXResourcesBuildPhase section */
		D5A6A1302A7B82BA006FC002 /* Resources */ = {
			isa = PBXResourcesBuildPhase;
			buildActionMask = 2147483647;
			files = (
				D5A6A1422A7B82BD006FC002 /* LaunchScreen.storyboard in Resources */,
				D5A6A13F2A7B82BD006FC002 /* Assets.xcassets in Resources */,
				D5A6A13D2A7B82BA006FC002 /* Main.storyboard in Resources */,
			);
			runOnlyForDeploymentPostprocessing = 0;
		};
/* End PBXResourcesBuildPhase section */

/* Begin PBXSourcesBuildPhase section */
		D5A6A12E2A7B82BA006FC002 /* Sources */ = {
			isa = PBXSourcesBuildPhase;
			buildActionMask = 2147483647;
			files = (
				D5F508F42A8485560097A252 /* ReminderViewController+Section.swift in Sources */,
				D5B8484E2A7BD80400B327B6 /* Reminder.swift in Sources */,
				D5E329262A7F51FD008BF1E1 /* ReminderListViewController+Actions.swift in Sources */,
				D581B1802A80E43B006C29C9 /* ReminderViewController.swift in Sources */,
				D5A6A1362A7B82BA006FC002 /* AppDelegate.swift in Sources */,
				D5E329242A7F50AA008BF1E1 /* ReminderDoneButton.swift in Sources */,
				D59DAF562A7CA5E900AB36DA /* Date+Reminder.swift in Sources */,
				D5E329222A7DF931008BF1E1 /* ReminderListViewController+DataSource.swift in Sources */,
				D581B17E2A80E029006C29C9 /* UIColor+Reminder.swift in Sources */,
				D5F508F62A85F1DE0097A252 /* ReminderViewController+CellConfiguration.swift in Sources */,
				D5A6A1382A7B82BA006FC002 /* SceneDelegate.swift in Sources */,
				D581B1832A822D6F006C29C9 /* ReminderViewController+Row.swift in Sources */,
				D5B848502A7BDB3900B327B6 /* ReminderListViewController.swift in Sources */,
			);
			runOnlyForDeploymentPostprocessing = 0;
		};
/* End PBXSourcesBuildPhase section */

/* Begin PBXVariantGroup section */
		D5A6A13B2A7B82BA006FC002 /* Main.storyboard */ = {
			isa = PBXVariantGroup;
			children = (
				D5A6A13C2A7B82BA006FC002 /* Base */,
			);
			name = Main.storyboard;
			sourceTree = "<group>";
		};
		D5A6A1402A7B82BD006FC002 /* LaunchScreen.storyboard */ = {
			isa = PBXVariantGroup;
			children = (
				D5A6A1412A7B82BD006FC002 /* Base */,
			);
			name = LaunchScreen.storyboard;
			sourceTree = "<group>";
		};
/* End PBXVariantGroup section */

/* Begin XCBuildConfiguration section */
		D5A6A1442A7B82BD006FC002 /* Debug */ = {
			isa = XCBuildConfiguration;
			buildSettings = {
				ALWAYS_SEARCH_USER_PATHS = NO;
				CLANG_ANALYZER_NONNULL = YES;
				CLANG_ANALYZER_NUMBER_OBJECT_CONVERSION = YES_AGGRESSIVE;
				CLANG_CXX_LANGUAGE_STANDARD = "gnu++20";
				CLANG_ENABLE_MODULES = YES;
				CLANG_ENABLE_OBJC_ARC = YES;
				CLANG_ENABLE_OBJC_WEAK = YES;
				CLANG_WARN_BLOCK_CAPTURE_AUTORELEASING = YES;
				CLANG_WARN_BOOL_CONVERSION = YES;
				CLANG_WARN_COMMA = YES;
				CLANG_WARN_CONSTANT_CONVERSION = YES;
				CLANG_WARN_DEPRECATED_OBJC_IMPLEMENTATIONS = YES;
				CLANG_WARN_DIRECT_OBJC_ISA_USAGE = YES_ERROR;
				CLANG_WARN_DOCUMENTATION_COMMENTS = YES;
				CLANG_WARN_EMPTY_BODY = YES;
				CLANG_WARN_ENUM_CONVERSION = YES;
				CLANG_WARN_INFINITE_RECURSION = YES;
				CLANG_WARN_INT_CONVERSION = YES;
				CLANG_WARN_NON_LITERAL_NULL_CONVERSION = YES;
				CLANG_WARN_OBJC_IMPLICIT_RETAIN_SELF = YES;
				CLANG_WARN_OBJC_LITERAL_CONVERSION = YES;
				CLANG_WARN_OBJC_ROOT_CLASS = YES_ERROR;
				CLANG_WARN_QUOTED_INCLUDE_IN_FRAMEWORK_HEADER = YES;
				CLANG_WARN_RANGE_LOOP_ANALYSIS = YES;
				CLANG_WARN_STRICT_PROTOTYPES = YES;
				CLANG_WARN_SUSPICIOUS_MOVE = YES;
				CLANG_WARN_UNGUARDED_AVAILABILITY = YES_AGGRESSIVE;
				CLANG_WARN_UNREACHABLE_CODE = YES;
				CLANG_WARN__DUPLICATE_METHOD_MATCH = YES;
				COPY_PHASE_STRIP = NO;
				DEBUG_INFORMATION_FORMAT = dwarf;
				ENABLE_STRICT_OBJC_MSGSEND = YES;
				ENABLE_TESTABILITY = YES;
				GCC_C_LANGUAGE_STANDARD = gnu11;
				GCC_DYNAMIC_NO_PIC = NO;
				GCC_NO_COMMON_BLOCKS = YES;
				GCC_OPTIMIZATION_LEVEL = 0;
				GCC_PREPROCESSOR_DEFINITIONS = (
					"DEBUG=1",
					"$(inherited)",
				);
				GCC_WARN_64_TO_32_BIT_CONVERSION = YES;
				GCC_WARN_ABOUT_RETURN_TYPE = YES_ERROR;
				GCC_WARN_UNDECLARED_SELECTOR = YES;
				GCC_WARN_UNINITIALIZED_AUTOS = YES_AGGRESSIVE;
				GCC_WARN_UNUSED_FUNCTION = YES;
				GCC_WARN_UNUSED_VARIABLE = YES;
				IPHONEOS_DEPLOYMENT_TARGET = 16.4;
				MTL_ENABLE_DEBUG_INFO = INCLUDE_SOURCE;
				MTL_FAST_MATH = YES;
				ONLY_ACTIVE_ARCH = YES;
				SDKROOT = iphoneos;
				SWIFT_ACTIVE_COMPILATION_CONDITIONS = DEBUG;
				SWIFT_OPTIMIZATION_LEVEL = "-Onone";
			};
			name = Debug;
		};
		D5A6A1452A7B82BD006FC002 /* Release */ = {
			isa = XCBuildConfiguration;
			buildSettings = {
				ALWAYS_SEARCH_USER_PATHS = NO;
				CLANG_ANALYZER_NONNULL = YES;
				CLANG_ANALYZER_NUMBER_OBJECT_CONVERSION = YES_AGGRESSIVE;
				CLANG_CXX_LANGUAGE_STANDARD = "gnu++20";
				CLANG_ENABLE_MODULES = YES;
				CLANG_ENABLE_OBJC_ARC = YES;
				CLANG_ENABLE_OBJC_WEAK = YES;
				CLANG_WARN_BLOCK_CAPTURE_AUTORELEASING = YES;
				CLANG_WARN_BOOL_CONVERSION = YES;
				CLANG_WARN_COMMA = YES;
				CLANG_WARN_CONSTANT_CONVERSION = YES;
				CLANG_WARN_DEPRECATED_OBJC_IMPLEMENTATIONS = YES;
				CLANG_WARN_DIRECT_OBJC_ISA_USAGE = YES_ERROR;
				CLANG_WARN_DOCUMENTATION_COMMENTS = YES;
				CLANG_WARN_EMPTY_BODY = YES;
				CLANG_WARN_ENUM_CONVERSION = YES;
				CLANG_WARN_INFINITE_RECURSION = YES;
				CLANG_WARN_INT_CONVERSION = YES;
				CLANG_WARN_NON_LITERAL_NULL_CONVERSION = YES;
				CLANG_WARN_OBJC_IMPLICIT_RETAIN_SELF = YES;
				CLANG_WARN_OBJC_LITERAL_CONVERSION = YES;
				CLANG_WARN_OBJC_ROOT_CLASS = YES_ERROR;
				CLANG_WARN_QUOTED_INCLUDE_IN_FRAMEWORK_HEADER = YES;
				CLANG_WARN_RANGE_LOOP_ANALYSIS = YES;
				CLANG_WARN_STRICT_PROTOTYPES = YES;
				CLANG_WARN_SUSPICIOUS_MOVE = YES;
				CLANG_WARN_UNGUARDED_AVAILABILITY = YES_AGGRESSIVE;
				CLANG_WARN_UNREACHABLE_CODE = YES;
				CLANG_WARN__DUPLICATE_METHOD_MATCH = YES;
				COPY_PHASE_STRIP = NO;
				DEBUG_INFORMATION_FORMAT = "dwarf-with-dsym";
				ENABLE_NS_ASSERTIONS = NO;
				ENABLE_STRICT_OBJC_MSGSEND = YES;
				GCC_C_LANGUAGE_STANDARD = gnu11;
				GCC_NO_COMMON_BLOCKS = YES;
				GCC_WARN_64_TO_32_BIT_CONVERSION = YES;
				GCC_WARN_ABOUT_RETURN_TYPE = YES_ERROR;
				GCC_WARN_UNDECLARED_SELECTOR = YES;
				GCC_WARN_UNINITIALIZED_AUTOS = YES_AGGRESSIVE;
				GCC_WARN_UNUSED_FUNCTION = YES;
				GCC_WARN_UNUSED_VARIABLE = YES;
				IPHONEOS_DEPLOYMENT_TARGET = 16.4;
				MTL_ENABLE_DEBUG_INFO = NO;
				MTL_FAST_MATH = YES;
				SDKROOT = iphoneos;
				SWIFT_COMPILATION_MODE = wholemodule;
				SWIFT_OPTIMIZATION_LEVEL = "-O";
				VALIDATE_PRODUCT = YES;
			};
			name = Release;
		};
		D5A6A1472A7B82BD006FC002 /* Debug */ = {
			isa = XCBuildConfiguration;
			buildSettings = {
				ASSETCATALOG_COMPILER_APPICON_NAME = AppIcon;
				ASSETCATALOG_COMPILER_GLOBAL_ACCENT_COLOR_NAME = AccentColor;
				CODE_SIGN_STYLE = Automatic;
				CURRENT_PROJECT_VERSION = 1;
				DEVELOPMENT_TEAM = VT76HWWZKL;
				GENERATE_INFOPLIST_FILE = YES;
				INFOPLIST_FILE = Reminder/Info.plist;
				INFOPLIST_KEY_UIApplicationSupportsIndirectInputEvents = YES;
				INFOPLIST_KEY_UILaunchStoryboardName = LaunchScreen;
				INFOPLIST_KEY_UIMainStoryboardFile = Main;
				INFOPLIST_KEY_UISupportedInterfaceOrientations_iPad = "UIInterfaceOrientationPortrait UIInterfaceOrientationPortraitUpsideDown UIInterfaceOrientationLandscapeLeft UIInterfaceOrientationLandscapeRight";
				INFOPLIST_KEY_UISupportedInterfaceOrientations_iPhone = "UIInterfaceOrientationPortrait UIInterfaceOrientationLandscapeLeft UIInterfaceOrientationLandscapeRight";
				LD_RUNPATH_SEARCH_PATHS = (
					"$(inherited)",
					"@executable_path/Frameworks",
				);
				MARKETING_VERSION = 1.0;
				PRODUCT_BUNDLE_IDENTIFIER = G.Reminder;
				PRODUCT_NAME = "$(TARGET_NAME)";
				SWIFT_EMIT_LOC_STRINGS = YES;
				SWIFT_VERSION = 5.0;
				TARGETED_DEVICE_FAMILY = "1,2";
			};
			name = Debug;
		};
		D5A6A1482A7B82BD006FC002 /* Release */ = {
			isa = XCBuildConfiguration;
			buildSettings = {
				ASSETCATALOG_COMPILER_APPICON_NAME = AppIcon;
				ASSETCATALOG_COMPILER_GLOBAL_ACCENT_COLOR_NAME = AccentColor;
				CODE_SIGN_STYLE = Automatic;
				CURRENT_PROJECT_VERSION = 1;
				DEVELOPMENT_TEAM = VT76HWWZKL;
				GENERATE_INFOPLIST_FILE = YES;
				INFOPLIST_FILE = Reminder/Info.plist;
				INFOPLIST_KEY_UIApplicationSupportsIndirectInputEvents = YES;
				INFOPLIST_KEY_UILaunchStoryboardName = LaunchScreen;
				INFOPLIST_KEY_UIMainStoryboardFile = Main;
				INFOPLIST_KEY_UISupportedInterfaceOrientations_iPad = "UIInterfaceOrientationPortrait UIInterfaceOrientationPortraitUpsideDown UIInterfaceOrientationLandscapeLeft UIInterfaceOrientationLandscapeRight";
				INFOPLIST_KEY_UISupportedInterfaceOrientations_iPhone = "UIInterfaceOrientationPortrait UIInterfaceOrientationLandscapeLeft UIInterfaceOrientationLandscapeRight";
				LD_RUNPATH_SEARCH_PATHS = (
					"$(inherited)",
					"@executable_path/Frameworks",
				);
				MARKETING_VERSION = 1.0;
				PRODUCT_BUNDLE_IDENTIFIER = G.Reminder;
				PRODUCT_NAME = "$(TARGET_NAME)";
				SWIFT_EMIT_LOC_STRINGS = YES;
				SWIFT_VERSION = 5.0;
				TARGETED_DEVICE_FAMILY = "1,2";
			};
			name = Release;
		};
/* End XCBuildConfiguration section */

/* Begin XCConfigurationList section */
		D5A6A12D2A7B82BA006FC002 /* Build configuration list for PBXProject "Reminder" */ = {
			isa = XCConfigurationList;
			buildConfigurations = (
				D5A6A1442A7B82BD006FC002 /* Debug */,
				D5A6A1452A7B82BD006FC002 /* Release */,
			);
			defaultConfigurationIsVisible = 0;
			defaultConfigurationName = Release;
		};
		D5A6A1462A7B82BD006FC002 /* Build configuration list for PBXNativeTarget "Reminder" */ = {
			isa = XCConfigurationList;
			buildConfigurations = (
				D5A6A1472A7B82BD006FC002 /* Debug */,
				D5A6A1482A7B82BD006FC002 /* Release */,
			);
			defaultConfigurationIsVisible = 0;
			defaultConfigurationName = Release;
		};
/* End XCConfigurationList section */
	};
	rootObject = D5A6A12A2A7B82BA006FC002 /* Project object */;
}
